
Microsoft Visual Studio Solution File, Format Version 12.00
# Visual Studio Version 16
VisualStudioVersion = 16.0.30804.86
MinimumVisualStudioVersion = 10.0.40219.1
Project("{FAE04EC0-301F-11D3-BF4B-00C04F79EFBC}") = "Timely", "Timely\Timely.csproj", "{D7329F21-8D65-4235-9BC2-42D478446A77}"
EndProject
Global
	GlobalSection(SolutionConfigurationPlatforms) = preSolution
		Debug|Any CPU = Debug|Any CPU
		Release|Any CPU = Release|Any CPU
	EndGlobalSection
	GlobalSection(ProjectConfigurationPlatforms) = postSolution
		{D7329F21-8D65-4235-9BC2-42D478446A77}.Debug|Any CPU.ActiveCfg = Debug|Any CPU
		{D7329F21-8D65-4235-9BC2-42D478446A77}.Debug|Any CPU.Build.0 = Debug|Any CPU
		{D7329F21-8D65-4235-9BC2-42D478446A77}.Release|Any CPU.ActiveCfg = Release|Any CPU
		{D7329F21-8D65-4235-9BC2-42D478446A77}.Release|Any CPU.Build.0 = Release|Any CPU
	EndGlobalSection
	GlobalSection(SolutionProperties) = preSolution
		HideSolutionNode = FALSE
	EndGlobalSection
	GlobalSection(ExtensibilityGlobals) = postSolution
		SolutionGuid = {20A2F75D-A060-402A-8621-A082212B4F03}
	EndGlobalSection
EndGlobal
